// !$*UTF8*$!
{
	archiveVersion = 1;
	classes = {
	};
	objectVersion = 56;
	objects = {

/* Begin PBXBuildFile section */
		10C98D4D6542A742F29E0B28 /* Pods_GeneralApp2.framework in Frameworks */ = {isa = PBXBuildFile; fileRef = FFA0A9B2E5BF68D6496096AE /* Pods_GeneralApp2.framework */; };
		EB8E1BE22B0E97BF007D3C68 /* AppDelegate.swift in Sources */ = {isa = PBXBuildFile; fileRef = EB8E1BE12B0E97BF007D3C68 /* AppDelegate.swift */; };
		EB8E1BE42B0E97BF007D3C68 /* SceneDelegate.swift in Sources */ = {isa = PBXBuildFile; fileRef = EB8E1BE32B0E97BF007D3C68 /* SceneDelegate.swift */; };
		EB8E1BE62B0E97BF007D3C68 /* ViewController.swift in Sources */ = {isa = PBXBuildFile; fileRef = EB8E1BE52B0E97BF007D3C68 /* ViewController.swift */; };
		EB8E1BE92B0E97BF007D3C68 /* Main.storyboard in Resources */ = {isa = PBXBuildFile; fileRef = EB8E1BE72B0E97BF007D3C68 /* Main.storyboard */; };
		EB8E1BEB2B0E97C1007D3C68 /* Assets.xcassets in Resources */ = {isa = PBXBuildFile; fileRef = EB8E1BEA2B0E97C1007D3C68 /* Assets.xcassets */; };
		EB8E1BEE2B0E97C1007D3C68 /* LaunchScreen.storyboard in Resources */ = {isa = PBXBuildFile; fileRef = EB8E1BEC2B0E97C1007D3C68 /* LaunchScreen.storyboard */; };
		EB8E1BF62B0E9818007D3C68 /* sample.mp3 in Resources */ = {isa = PBXBuildFile; fileRef = EB8E1BF52B0E9818007D3C68 /* sample.mp3 */; };
		EB8E1BFA2B0E9E64007D3C68 /* test.json in Resources */ = {isa = PBXBuildFile; fileRef = EB8E1BF92B0E9E64007D3C68 /* test.json */; };
/* End PBXBuildFile section */

/* Begin PBXFileReference section */
		A1940C237BDF0DD9F87C8A99 /* Pods-GeneralApp2.release.xcconfig */ = {isa = PBXFileReference; includeInIndex = 1; lastKnownFileType = text.xcconfig; name = "Pods-GeneralApp2.release.xcconfig"; path = "Target Support Files/Pods-GeneralApp2/Pods-GeneralApp2.release.xcconfig"; sourceTree = "<group>"; };
		EB8E1BDE2B0E97BF007D3C68 /* GeneralApp2.app */ = {isa = PBXFileReference; explicitFileType = wrapper.application; includeInIndex = 0; path = GeneralApp2.app; sourceTree = BUILT_PRODUCTS_DIR; };
		EB8E1BE12B0E97BF007D3C68 /* AppDelegate.swift */ = {isa = PBXFileReference; lastKnownFileType = sourcecode.swift; path = AppDelegate.swift; sourceTree = "<group>"; };
		EB8E1BE32B0E97BF007D3C68 /* SceneDelegate.swift */ = {isa = PBXFileReference; lastKnownFileType = sourcecode.swift; path = SceneDelegate.swift; sourceTree = "<group>"; };
		EB8E1BE52B0E97BF007D3C68 /* ViewController.swift */ = {isa = PBXFileReference; lastKnownFileType = sourcecode.swift; path = ViewController.swift; sourceTree = "<group>"; };
		EB8E1BE82B0E97BF007D3C68 /* Base */ = {isa = PBXFileReference; lastKnownFileType = file.storyboard; name = Base; path = Base.lproj/Main.storyboard; sourceTree = "<group>"; };
		EB8E1BEA2B0E97C1007D3C68 /* Assets.xcassets */ = {isa = PBXFileReference; lastKnownFileType = folder.assetcatalog; path = Assets.xcassets; sourceTree = "<group>"; };
		EB8E1BED2B0E97C1007D3C68 /* Base */ = {isa = PBXFileReference; lastKnownFileType = file.storyboard; name = Base; path = Base.lproj/LaunchScreen.storyboard; sourceTree = "<group>"; };
		EB8E1BEF2B0E97C1007D3C68 /* Info.plist */ = {isa = PBXFileReference; lastKnownFileType = text.plist.xml; path = Info.plist; sourceTree = "<group>"; };
		EB8E1BF52B0E9818007D3C68 /* sample.mp3 */ = {isa = PBXFileReference; lastKnownFileType = audio.mp3; path = sample.mp3; sourceTree = "<group>"; };
		EB8E1BF92B0E9E64007D3C68 /* test.json */ = {isa = PBXFileReference; fileEncoding = 4; lastKnownFileType = text.json; path = test.json; sourceTree = "<group>"; };
		F622E65D060C691950055888 /* Pods-GeneralApp2.debug.xcconfig */ = {isa = PBXFileReference; includeInIndex = 1; lastKnownFileType = text.xcconfig; name = "Pods-GeneralApp2.debug.xcconfig"; path = "Target Support Files/Pods-GeneralApp2/Pods-GeneralApp2.debug.xcconfig"; sourceTree = "<group>"; };
		FFA0A9B2E5BF68D6496096AE /* Pods_GeneralApp2.framework */ = {isa = PBXFileReference; explicitFileType = wrapper.framework; includeInIndex = 0; path = Pods_GeneralApp2.framework; sourceTree = BUILT_PRODUCTS_DIR; };
/* End PBXFileReference section */

/* Begin PBXFrameworksBuildPhase section */
		EB8E1BDB2B0E97BF007D3C68 /* Frameworks */ = {
			isa = PBXFrameworksBuildPhase;
			buildActionMask = 2147483647;
			files = (
				10C98D4D6542A742F29E0B28 /* Pods_GeneralApp2.framework in Frameworks */,
			);
			runOnlyForDeploymentPostprocessing = 0;
		};
/* End PBXFrameworksBuildPhase section */

/* Begin PBXGroup section */
		1DFA7482F0855F0C3091C62B /* Frameworks */ = {
			isa = PBXGroup;
			children = (
				FFA0A9B2E5BF68D6496096AE /* Pods_GeneralApp2.framework */,
			);
			name = Frameworks;
			sourceTree = "<group>";
		};
		76D231F1EAA89037A1CAB081 /* Pods */ = {
			isa = PBXGroup;
			children = (
				F622E65D060C691950055888 /* Pods-GeneralApp2.debug.xcconfig */,
				A1940C237BDF0DD9F87C8A99 /* Pods-GeneralApp2.release.xcconfig */,
			);
			path = Pods;
			sourceTree = "<group>";
		};
		EB8E1BD52B0E97BF007D3C68 = {
			isa = PBXGroup;
			children = (
				EB8E1BE02B0E97BF007D3C68 /* GeneralApp2 */,
				EB8E1BDF2B0E97BF007D3C68 /* Products */,
				76D231F1EAA89037A1CAB081 /* Pods */,
				1DFA7482F0855F0C3091C62B /* Frameworks */,
			);
			sourceTree = "<group>";
		};
		EB8E1BDF2B0E97BF007D3C68 /* Products */ = {
			isa = PBXGroup;
			children = (
				EB8E1BDE2B0E97BF007D3C68 /* GeneralApp2.app */,
			);
			name = Products;
			sourceTree = "<group>";
		};
		EB8E1BE02B0E97BF007D3C68 /* GeneralApp2 */ = {
			isa = PBXGroup;
			children = (
				EB8E1BF92B0E9E64007D3C68 /* test.json */,
				EB8E1BF52B0E9818007D3C68 /* sample.mp3 */,
				EB8E1BE12B0E97BF007D3C68 /* AppDelegate.swift */,
				EB8E1BE32B0E97BF007D3C68 /* SceneDelegate.swift */,
				EB8E1BE52B0E97BF007D3C68 /* ViewController.swift */,
				EB8E1BE72B0E97BF007D3C68 /* Main.storyboard */,
				EB8E1BEA2B0E97C1007D3C68 /* Assets.xcassets */,
				EB8E1BEC2B0E97C1007D3C68 /* LaunchScreen.storyboard */,
				EB8E1BEF2B0E97C1007D3C68 /* Info.plist */,
			);
			path = GeneralApp2;
			sourceTree = "<group>";
		};
/* End PBXGroup section */

/* Begin PBXNativeTarget section */
		EB8E1BDD2B0E97BF007D3C68 /* GeneralApp2 */ = {
			isa = PBXNativeTarget;
			buildConfigurationList = EB8E1BF22B0E97C1007D3C68 /* Build configuration list for PBXNativeTarget "GeneralApp2" */;
			buildPhases = (
				7C0689653BD3EB818E7CB7D6 /* [CP] Check Pods Manifest.lock */,
				EB8E1BDA2B0E97BF007D3C68 /* Sources */,
				EB8E1BDB2B0E97BF007D3C68 /* Frameworks */,
				EB8E1BDC2B0E97BF007D3C68 /* Resources */,
				D04240EA3CB5DA70D92E6404 /* [CP] Embed Pods Frameworks */,
			);
			buildRules = (
			);
			dependencies = (
			);
			name = GeneralApp2;
			productName = GeneralApp2;
			productReference = EB8E1BDE2B0E97BF007D3C68 /* GeneralApp2.app */;
			productType = "com.apple.product-type.application";
		};
/* End PBXNativeTarget section */

/* Begin PBXProject section */
		EB8E1BD62B0E97BF007D3C68 /* Project object */ = {
			isa = PBXProject;
			attributes = {
				BuildIndependentTargetsInParallel = 1;
				LastSwiftUpdateCheck = 1500;
				LastUpgradeCheck = 1500;
				TargetAttributes = {
					EB8E1BDD2B0E97BF007D3C68 = {
						CreatedOnToolsVersion = 15.0.1;
					};
				};
			};
			buildConfigurationList = EB8E1BD92B0E97BF007D3C68 /* Build configuration list for PBXProject "GeneralApp2" */;
			compatibilityVersion = "Xcode 14.0";
			developmentRegion = en;
			hasScannedForEncodings = 0;
			knownRegions = (
				en,
				Base,
			);
			mainGroup = EB8E1BD52B0E97BF007D3C68;
			productRefGroup = EB8E1BDF2B0E97BF007D3C68 /* Products */;
			projectDirPath = "";
			projectRoot = "";
			targets = (
				EB8E1BDD2B0E97BF007D3C68 /* GeneralApp2 */,
			);
		};
/* End PBXProject section */

/* Begin PBXResourcesBuildPhase section */
		EB8E1BDC2B0E97BF007D3C68 /* Resources */ = {
			isa = PBXResourcesBuildPhase;
			buildActionMask = 2147483647;
			files = (
				EB8E1BF62B0E9818007D3C68 /* sample.mp3 in Resources */,
				EB8E1BEE2B0E97C1007D3C68 /* LaunchScreen.storyboard in Resources */,
				EB8E1BEB2B0E97C1007D3C68 /* Assets.xcassets in Resources */,
				EB8E1BE92B0E97BF007D3C68 /* Main.storyboard in Resources */,
				EB8E1BFA2B0E9E64007D3C68 /* test.json in Resources */,
			);
			runOnlyForDeploymentPostprocessing = 0;
		};
/* End PBXResourcesBuildPhase section */

/* Begin PBXShellScriptBuildPhase section */
		7C0689653BD3EB818E7CB7D6 /* [CP] Check Pods Manifest.lock */ = {
			isa = PBXShellScriptBuildPhase;
			buildActionMask = 2147483647;
			files = (
			);
			inputFileListPaths = (
			);
			inputPaths = (
				"${PODS_PODFILE_DIR_PATH}/Podfile.lock",
				"${PODS_ROOT}/Manifest.lock",
			);
			name = "[CP] Check Pods Manifest.lock";
			outputFileListPaths = (
			);
			outputPaths = (
				"$(DERIVED_FILE_DIR)/Pods-GeneralApp2-checkManifestLockResult.txt",
			);
			runOnlyForDeploymentPostprocessing = 0;
			shellPath = /bin/sh;
			shellScript = "diff \"${PODS_PODFILE_DIR_PATH}/Podfile.lock\" \"${PODS_ROOT}/Manifest.lock\" > /dev/null\nif [ $? != 0 ] ; then\n    # print error to STDERR\n    echo \"error: The sandbox is not in sync with the Podfile.lock. Run 'pod install' or update your CocoaPods installation.\" >&2\n    exit 1\nfi\n# This output is used by Xcode 'outputs' to avoid re-running this script phase.\necho \"SUCCESS\" > \"${SCRIPT_OUTPUT_FILE_0}\"\n";
			showEnvVarsInLog = 0;
		};
		D04240EA3CB5DA70D92E6404 /* [CP] Embed Pods Frameworks */ = {
			isa = PBXShellScriptBuildPhase;
			buildActionMask = 2147483647;
			files = (
			);
			inputFileListPaths = (
				"${PODS_ROOT}/Target Support Files/Pods-GeneralApp2/Pods-GeneralApp2-frameworks-${CONFIGURATION}-input-files.xcfilelist",
			);
			name = "[CP] Embed Pods Frameworks";
			outputFileListPaths = (
				"${PODS_ROOT}/Target Support Files/Pods-GeneralApp2/Pods-GeneralApp2-frameworks-${CONFIGURATION}-output-files.xcfilelist",
			);
			runOnlyForDeploymentPostprocessing = 0;
			shellPath = /bin/sh;
			shellScript = "\"${PODS_ROOT}/Target Support Files/Pods-GeneralApp2/Pods-GeneralApp2-frameworks.sh\"\n";
			showEnvVarsInLog = 0;
		};
/* End PBXShellScriptBuildPhase section */

/* Begin PBXSourcesBuildPhase section */
		EB8E1BDA2B0E97BF007D3C68 /* Sources */ = {
			isa = PBXSourcesBuildPhase;
			buildActionMask = 2147483647;
			files = (
				EB8E1BE62B0E97BF007D3C68 /* ViewController.swift in Sources */,
				EB8E1BE22B0E97BF007D3C68 /* AppDelegate.swift in Sources */,
				EB8E1BE42B0E97BF007D3C68 /* SceneDelegate.swift in Sources */,
			);
			runOnlyForDeploymentPostprocessing = 0;
		};
/* End PBXSourcesBuildPhase section */

/* Begin PBXVariantGroup section */
		EB8E1BE72B0E97BF007D3C68 /* Main.storyboard */ = {
			isa = PBXVariantGroup;
			children = (
				EB8E1BE82B0E97BF007D3C68 /* Base */,
			);
			name = Main.storyboard;
			sourceTree = "<group>";
		};
		EB8E1BEC2B0E97C1007D3C68 /* LaunchScreen.storyboard */ = {
			isa = PBXVariantGroup;
			children = (
				EB8E1BED2B0E97C1007D3C68 /* Base */,
			);
			name = LaunchScreen.storyboard;
			sourceTree = "<group>";
		};
/* End PBXVariantGroup section */

/* Begin XCBuildConfiguration section */
		EB8E1BF02B0E97C1007D3C68 /* Debug */ = {
			isa = XCBuildConfiguration;
			buildSettings = {
				ALWAYS_SEARCH_USER_PATHS = NO;
				ASSETCATALOG_COMPILER_GENERATE_SWIFT_ASSET_SYMBOL_EXTENSIONS = YES;
				CLANG_ANALYZER_NONNULL = YES;
				CLANG_ANALYZER_NUMBER_OBJECT_CONVERSION = YES_AGGRESSIVE;
				CLANG_CXX_LANGUAGE_STANDARD = "gnu++20";
				CLANG_ENABLE_MODULES = YES;
				CLANG_ENABLE_OBJC_ARC = YES;
				CLANG_ENABLE_OBJC_WEAK = YES;
				CLANG_WARN_BLOCK_CAPTURE_AUTORELEASING = YES;
				CLANG_WARN_BOOL_CONVERSION = YES;
				CLANG_WARN_COMMA = YES;
				CLANG_WARN_CONSTANT_CONVERSION = YES;
				CLANG_WARN_DEPRECATED_OBJC_IMPLEMENTATIONS = YES;
				CLANG_WARN_DIRECT_OBJC_ISA_USAGE = YES_ERROR;
				CLANG_WARN_DOCUMENTATION_COMMENTS = YES;
				CLANG_WARN_EMPTY_BODY = YES;
				CLANG_WARN_ENUM_CONVERSION = YES;
				CLANG_WARN_INFINITE_RECURSION = YES;
				CLANG_WARN_INT_CONVERSION = YES;
				CLANG_WARN_NON_LITERAL_NULL_CONVERSION = YES;
				CLANG_WARN_OBJC_IMPLICIT_RETAIN_SELF = YES;
				CLANG_WARN_OBJC_LITERAL_CONVERSION = YES;
				CLANG_WARN_OBJC_ROOT_CLASS = YES_ERROR;
				CLANG_WARN_QUOTED_INCLUDE_IN_FRAMEWORK_HEADER = YES;
				CLANG_WARN_RANGE_LOOP_ANALYSIS = YES;
				CLANG_WARN_STRICT_PROTOTYPES = YES;
				CLANG_WARN_SUSPICIOUS_MOVE = YES;
				CLANG_WARN_UNGUARDED_AVAILABILITY = YES_AGGRESSIVE;
				CLANG_WARN_UNREACHABLE_CODE = YES;
				CLANG_WARN__DUPLICATE_METHOD_MATCH = YES;
				COPY_PHASE_STRIP = NO;
				DEBUG_INFORMATION_FORMAT = dwarf;
				ENABLE_STRICT_OBJC_MSGSEND = YES;
				ENABLE_TESTABILITY = YES;
				ENABLE_USER_SCRIPT_SANDBOXING = YES;
				GCC_C_LANGUAGE_STANDARD = gnu17;
				GCC_DYNAMIC_NO_PIC = NO;
				GCC_NO_COMMON_BLOCKS = YES;
				GCC_OPTIMIZATION_LEVEL = 0;
				GCC_PREPROCESSOR_DEFINITIONS = (
					"DEBUG=1",
					"$(inherited)",
				);
				GCC_WARN_64_TO_32_BIT_CONVERSION = YES;
				GCC_WARN_ABOUT_RETURN_TYPE = YES_ERROR;
				GCC_WARN_UNDECLARED_SELECTOR = YES;
				GCC_WARN_UNINITIALIZED_AUTOS = YES_AGGRESSIVE;
				GCC_WARN_UNUSED_FUNCTION = YES;
				GCC_WARN_UNUSED_VARIABLE = YES;
				IPHONEOS_DEPLOYMENT_TARGET = 17.0;
				LOCALIZATION_PREFERS_STRING_CATALOGS = YES;
				MTL_ENABLE_DEBUG_INFO = INCLUDE_SOURCE;
				MTL_FAST_MATH = YES;
				ONLY_ACTIVE_ARCH = YES;
				SDKROOT = iphoneos;
				SWIFT_ACTIVE_COMPILATION_CONDITIONS = "DEBUG $(inherited)";
				SWIFT_OPTIMIZATION_LEVEL = "-Onone";
			};
			name = Debug;
		};
		EB8E1BF12B0E97C1007D3C68 /* Release */ = {
			isa = XCBuildConfiguration;
			buildSettings = {
				ALWAYS_SEARCH_USER_PATHS = NO;
				ASSETCATALOG_COMPILER_GENERATE_SWIFT_ASSET_SYMBOL_EXTENSIONS = YES;
				CLANG_ANALYZER_NONNULL = YES;
				CLANG_ANALYZER_NUMBER_OBJECT_CONVERSION = YES_AGGRESSIVE;
				CLANG_CXX_LANGUAGE_STANDARD = "gnu++20";
				CLANG_ENABLE_MODULES = YES;
				CLANG_ENABLE_OBJC_ARC = YES;
				CLANG_ENABLE_OBJC_WEAK = YES;
				CLANG_WARN_BLOCK_CAPTURE_AUTORELEASING = YES;
				CLANG_WARN_BOOL_CONVERSION = YES;
				CLANG_WARN_COMMA = YES;
				CLANG_WARN_CONSTANT_CONVERSION = YES;
				CLANG_WARN_DEPRECATED_OBJC_IMPLEMENTATIONS = YES;
				CLANG_WARN_DIRECT_OBJC_ISA_USAGE = YES_ERROR;
				CLANG_WARN_DOCUMENTATION_COMMENTS = YES;
				CLANG_WARN_EMPTY_BODY = YES;
				CLANG_WARN_ENUM_CONVERSION = YES;
				CLANG_WARN_INFINITE_RECURSION = YES;
				CLANG_WARN_INT_CONVERSION = YES;
				CLANG_WARN_NON_LITERAL_NULL_CONVERSION = YES;
				CLANG_WARN_OBJC_IMPLICIT_RETAIN_SELF = YES;
				CLANG_WARN_OBJC_LITERAL_CONVERSION = YES;
				CLANG_WARN_OBJC_ROOT_CLASS = YES_ERROR;
				CLANG_WARN_QUOTED_INCLUDE_IN_FRAMEWORK_HEADER = YES;
				CLANG_WARN_RANGE_LOOP_ANALYSIS = YES;
				CLANG_WARN_STRICT_PROTOTYPES = YES;
				CLANG_WARN_SUSPICIOUS_MOVE = YES;
				CLANG_WARN_UNGUARDED_AVAILABILITY = YES_AGGRESSIVE;
				CLANG_WARN_UNREACHABLE_CODE = YES;
				CLANG_WARN__DUPLICATE_METHOD_MATCH = YES;
				COPY_PHASE_STRIP = NO;
				DEBUG_INFORMATION_FORMAT = "dwarf-with-dsym";
				ENABLE_NS_ASSERTIONS = NO;
				ENABLE_STRICT_OBJC_MSGSEND = YES;
				ENABLE_USER_SCRIPT_SANDBOXING = YES;
				GCC_C_LANGUAGE_STANDARD = gnu17;
				GCC_NO_COMMON_BLOCKS = YES;
				GCC_WARN_64_TO_32_BIT_CONVERSION = YES;
				GCC_WARN_ABOUT_RETURN_TYPE = YES_ERROR;
				GCC_WARN_UNDECLARED_SELECTOR = YES;
				GCC_WARN_UNINITIALIZED_AUTOS = YES_AGGRESSIVE;
				GCC_WARN_UNUSED_FUNCTION = YES;
				GCC_WARN_UNUSED_VARIABLE = YES;
				IPHONEOS_DEPLOYMENT_TARGET = 17.0;
				LOCALIZATION_PREFERS_STRING_CATALOGS = YES;
				MTL_ENABLE_DEBUG_INFO = NO;
				MTL_FAST_MATH = YES;
				SDKROOT = iphoneos;
				SWIFT_COMPILATION_MODE = wholemodule;
				VALIDATE_PRODUCT = YES;
			};
			name = Release;
		};
		EB8E1BF32B0E97C1007D3C68 /* Debug */ = {
			isa = XCBuildConfiguration;
			baseConfigurationReference = F622E65D060C691950055888 /* Pods-GeneralApp2.debug.xcconfig */;
			buildSettings = {
				ASSETCATALOG_COMPILER_APPICON_NAME = AppIcon;
				ASSETCATALOG_COMPILER_GLOBAL_ACCENT_COLOR_NAME = AccentColor;
				CODE_SIGN_STYLE = Automatic;
				CURRENT_PROJECT_VERSION = 1;
				DEVELOPMENT_TEAM = 4SZVTPHQLW;
				ENABLE_USER_SCRIPT_SANDBOXING = NO;
				GENERATE_INFOPLIST_FILE = YES;
				INFOPLIST_FILE = GeneralApp2/Info.plist;
				INFOPLIST_KEY_UIApplicationSupportsIndirectInputEvents = YES;
				INFOPLIST_KEY_UILaunchStoryboardName = LaunchScreen;
				INFOPLIST_KEY_UIMainStoryboardFile = Main;
				INFOPLIST_KEY_UISupportedInterfaceOrientations_iPad = "UIInterfaceOrientationPortrait UIInterfaceOrientationPortraitUpsideDown UIInterfaceOrientationLandscapeLeft UIInterfaceOrientationLandscapeRight";
				INFOPLIST_KEY_UISupportedInterfaceOrientations_iPhone = "UIInterfaceOrientationPortrait UIInterfaceOrientationLandscapeLeft UIInterfaceOrientationLandscapeRight";
				LD_RUNPATH_SEARCH_PATHS = (
					"$(inherited)",
					"@executable_path/Frameworks",
				);
				MARKETING_VERSION = 1.0;
				PRODUCT_BUNDLE_IDENTIFIER = com.denandreychuk.GeneralApp2;
				PRODUCT_NAME = "$(TARGET_NAME)";
				SWIFT_EMIT_LOC_STRINGS = YES;
				SWIFT_VERSION = 5.0;
				TARGETED_DEVICE_FAMILY = "1,2";
			};
			name = Debug;
		};
		EB8E1BF42B0E97C1007D3C68 /* Release */ = {
			isa = XCBuildConfiguration;
			baseConfigurationReference = A1940C237BDF0DD9F87C8A99 /* Pods-GeneralApp2.release.xcconfig */;
			buildSettings = {
				ASSETCATALOG_COMPILER_APPICON_NAME = AppIcon;
				ASSETCATALOG_COMPILER_GLOBAL_ACCENT_COLOR_NAME = AccentColor;
				CODE_SIGN_STYLE = Automatic;
				CURRENT_PROJECT_VERSION = 1;
				DEVELOPMENT_TEAM = 4SZVTPHQLW;
				ENABLE_USER_SCRIPT_SANDBOXING = NO;
				GENERATE_INFOPLIST_FILE = YES;
				INFOPLIST_FILE = GeneralApp2/Info.plist;
				INFOPLIST_KEY_UIApplicationSupportsIndirectInputEvents = YES;
				INFOPLIST_KEY_UILaunchStoryboardName = LaunchScreen;
				INFOPLIST_KEY_UIMainStoryboardFile = Main;
				INFOPLIST_KEY_UISupportedInterfaceOrientations_iPad = "UIInterfaceOrientationPortrait UIInterfaceOrientationPortraitUpsideDown UIInterfaceOrientationLandscapeLeft UIInterfaceOrientationLandscapeRight";
				INFOPLIST_KEY_UISupportedInterfaceOrientations_iPhone = "UIInterfaceOrientationPortrait UIInterfaceOrientationLandscapeLeft UIInterfaceOrientationLandscapeRight";
				LD_RUNPATH_SEARCH_PATHS = (
					"$(inherited)",
					"@executable_path/Frameworks",
				);
				MARKETING_VERSION = 1.0;
				PRODUCT_BUNDLE_IDENTIFIER = com.denandreychuk.GeneralApp2;
				PRODUCT_NAME = "$(TARGET_NAME)";
				SWIFT_EMIT_LOC_STRINGS = YES;
				SWIFT_VERSION = 5.0;
				TARGETED_DEVICE_FAMILY = "1,2";
			};
			name = Release;
		};
/* End XCBuildConfiguration section */

/* Begin XCConfigurationList section */
		EB8E1BD92B0E97BF007D3C68 /* Build configuration list for PBXProject "GeneralApp2" */ = {
			isa = XCConfigurationList;
			buildConfigurations = (
				EB8E1BF02B0E97C1007D3C68 /* Debug */,
				EB8E1BF12B0E97C1007D3C68 /* Release */,
			);
			defaultConfigurationIsVisible = 0;
			defaultConfigurationName = Release;
		};
		EB8E1BF22B0E97C1007D3C68 /* Build configuration list for PBXNativeTarget "GeneralApp2" */ = {
			isa = XCConfigurationList;
			buildConfigurations = (
				EB8E1BF32B0E97C1007D3C68 /* Debug */,
				EB8E1BF42B0E97C1007D3C68 /* Release */,
			);
			defaultConfigurationIsVisible = 0;
			defaultConfigurationName = Release;
		};
/* End XCConfigurationList section */
	};
	rootObject = EB8E1BD62B0E97BF007D3C68 /* Project object */;
}
